// !$*UTF8*$!
{
	archiveVersion = 1;
	classes = {
	};
	objectVersion = 55;
	objects = {

/* Begin PBXBuildFile section */
		CC8A7CF527BD8D7F00794909 /* Hacker_NewsApp.swift in Sources */ = {isa = PBXBuildFile; fileRef = CC8A7CF427BD8D7F00794909 /* Hacker_NewsApp.swift */; };
		CC8A7CF727BD8D7F00794909 /* ContentView.swift in Sources */ = {isa = PBXBuildFile; fileRef = CC8A7CF627BD8D7F00794909 /* ContentView.swift */; };
		CC8A7CF927BD8D8100794909 /* Assets.xcassets in Resources */ = {isa = PBXBuildFile; fileRef = CC8A7CF827BD8D8100794909 /* Assets.xcassets */; };
		CC8A7CFC27BD8D8100794909 /* Preview Assets.xcassets in Resources */ = {isa = PBXBuildFile; fileRef = CC8A7CFB27BD8D8100794909 /* Preview Assets.xcassets */; };
		CC8A7D0627BD8D8100794909 /* Hacker_NewsTests.swift in Sources */ = {isa = PBXBuildFile; fileRef = CC8A7D0527BD8D8100794909 /* Hacker_NewsTests.swift */; };
		CC8A7D1027BD8D8100794909 /* Hacker_NewsUITests.swift in Sources */ = {isa = PBXBuildFile; fileRef = CC8A7D0F27BD8D8100794909 /* Hacker_NewsUITests.swift */; };
		CC8A7D1227BD8D8100794909 /* Hacker_NewsUITestsLaunchTests.swift in Sources */ = {isa = PBXBuildFile; fileRef = CC8A7D1127BD8D8100794909 /* Hacker_NewsUITestsLaunchTests.swift */; };
		CC8A7D2027BD91B500794909 /* NetworkManager.swift in Sources */ = {isa = PBXBuildFile; fileRef = CC8A7D1F27BD91B500794909 /* NetworkManager.swift */; };
		CC8A7D2427BD93E200794909 /* PostData.swift in Sources */ = {isa = PBXBuildFile; fileRef = CC8A7D2327BD93E200794909 /* PostData.swift */; };
		CC8A7D2727BD9EBD00794909 /* DetailView.swift in Sources */ = {isa = PBXBuildFile; fileRef = CC8A7D2627BD9EBC00794909 /* DetailView.swift */; };
		CC8A7D2927BDA56000794909 /* WebView.swift in Sources */ = {isa = PBXBuildFile; fileRef = CC8A7D2827BDA56000794909 /* WebView.swift */; };
/* End PBXBuildFile section */

/* Begin PBXContainerItemProxy section */
		CC8A7D0227BD8D8100794909 /* PBXContainerItemProxy */ = {
			isa = PBXContainerItemProxy;
			containerPortal = CC8A7CE927BD8D7F00794909 /* Project object */;
			proxyType = 1;
			remoteGlobalIDString = CC8A7CF027BD8D7F00794909;
			remoteInfo = "Hacker News";
		};
		CC8A7D0C27BD8D8100794909 /* PBXContainerItemProxy */ = {
			isa = PBXContainerItemProxy;
			containerPortal = CC8A7CE927BD8D7F00794909 /* Project object */;
			proxyType = 1;
			remoteGlobalIDString = CC8A7CF027BD8D7F00794909;
			remoteInfo = "Hacker News";
		};
/* End PBXContainerItemProxy section */

/* Begin PBXFileReference section */
		CC8A7CF127BD8D7F00794909 /* Hacker News.app */ = {isa = PBXFileReference; explicitFileType = wrapper.application; includeInIndex = 0; path = "Hacker News.app"; sourceTree = BUILT_PRODUCTS_DIR; };
		CC8A7CF427BD8D7F00794909 /* Hacker_NewsApp.swift */ = {isa = PBXFileReference; lastKnownFileType = sourcecode.swift; path = Hacker_NewsApp.swift; sourceTree = "<group>"; };
		CC8A7CF627BD8D7F00794909 /* ContentView.swift */ = {isa = PBXFileReference; lastKnownFileType = sourcecode.swift; path = ContentView.swift; sourceTree = "<group>"; };
		CC8A7CF827BD8D8100794909 /* Assets.xcassets */ = {isa = PBXFileReference; lastKnownFileType = folder.assetcatalog; path = Assets.xcassets; sourceTree = "<group>"; };
		CC8A7CFB27BD8D8100794909 /* Preview Assets.xcassets */ = {isa = PBXFileReference; lastKnownFileType = folder.assetcatalog; path = "Preview Assets.xcassets"; sourceTree = "<group>"; };
		CC8A7D0127BD8D8100794909 /* Hacker NewsTests.xctest */ = {isa = PBXFileReference; explicitFileType = wrapper.cfbundle; includeInIndex = 0; path = "Hacker NewsTests.xctest"; sourceTree = BUILT_PRODUCTS_DIR; };
		CC8A7D0527BD8D8100794909 /* Hacker_NewsTests.swift */ = {isa = PBXFileReference; lastKnownFileType = sourcecode.swift; path = Hacker_NewsTests.swift; sourceTree = "<group>"; };
		CC8A7D0B27BD8D8100794909 /* Hacker NewsUITests.xctest */ = {isa = PBXFileReference; explicitFileType = wrapper.cfbundle; includeInIndex = 0; path = "Hacker NewsUITests.xctest"; sourceTree = BUILT_PRODUCTS_DIR; };
		CC8A7D0F27BD8D8100794909 /* Hacker_NewsUITests.swift */ = {isa = PBXFileReference; lastKnownFileType = sourcecode.swift; path = Hacker_NewsUITests.swift; sourceTree = "<group>"; };
		CC8A7D1127BD8D8100794909 /* Hacker_NewsUITestsLaunchTests.swift */ = {isa = PBXFileReference; lastKnownFileType = sourcecode.swift; path = Hacker_NewsUITestsLaunchTests.swift; sourceTree = "<group>"; };
		CC8A7D1F27BD91B500794909 /* NetworkManager.swift */ = {isa = PBXFileReference; lastKnownFileType = sourcecode.swift; path = NetworkManager.swift; sourceTree = "<group>"; };
		CC8A7D2327BD93E200794909 /* PostData.swift */ = {isa = PBXFileReference; lastKnownFileType = sourcecode.swift; path = PostData.swift; sourceTree = "<group>"; };
		CC8A7D2627BD9EBC00794909 /* DetailView.swift */ = {isa = PBXFileReference; lastKnownFileType = sourcecode.swift; path = DetailView.swift; sourceTree = "<group>"; };
		CC8A7D2827BDA56000794909 /* WebView.swift */ = {isa = PBXFileReference; lastKnownFileType = sourcecode.swift; path = WebView.swift; sourceTree = "<group>"; };
/* End PBXFileReference section */

/* Begin PBXFrameworksBuildPhase section */
		CC8A7CEE27BD8D7F00794909 /* Frameworks */ = {
			isa = PBXFrameworksBuildPhase;
			buildActionMask = 2147483647;
			files = (
			);
			runOnlyForDeploymentPostprocessing = 0;
		};
		CC8A7CFE27BD8D8100794909 /* Frameworks */ = {
			isa = PBXFrameworksBuildPhase;
			buildActionMask = 2147483647;
			files = (
			);
			runOnlyForDeploymentPostprocessing = 0;
		};
		CC8A7D0827BD8D8100794909 /* Frameworks */ = {
			isa = PBXFrameworksBuildPhase;
			buildActionMask = 2147483647;
			files = (
			);
			runOnlyForDeploymentPostprocessing = 0;
		};
/* End PBXFrameworksBuildPhase section */

/* Begin PBXGroup section */
		CC8A7CE827BD8D7F00794909 = {
			isa = PBXGroup;
			children = (
				CC8A7CF327BD8D7F00794909 /* Hacker News */,
				CC8A7D0427BD8D8100794909 /* Hacker NewsTests */,
				CC8A7D0E27BD8D8100794909 /* Hacker NewsUITests */,
				CC8A7CF227BD8D7F00794909 /* Products */,
			);
			sourceTree = "<group>";
		};
		CC8A7CF227BD8D7F00794909 /* Products */ = {
			isa = PBXGroup;
			children = (
				CC8A7CF127BD8D7F00794909 /* Hacker News.app */,
				CC8A7D0127BD8D8100794909 /* Hacker NewsTests.xctest */,
				CC8A7D0B27BD8D8100794909 /* Hacker NewsUITests.xctest */,
			);
			name = Products;
			sourceTree = "<group>";
		};
		CC8A7CF327BD8D7F00794909 /* Hacker News */ = {
			isa = PBXGroup;
			children = (
				CC8A7CF427BD8D7F00794909 /* Hacker_NewsApp.swift */,
				CC8A7D2527BD9E6800794909 /* Views */,
				CC8A7D1E27BD919700794909 /* Models */,
				CC8A7CF827BD8D8100794909 /* Assets.xcassets */,
				CC8A7CFA27BD8D8100794909 /* Preview Content */,
			);
			path = "Hacker News";
			sourceTree = "<group>";
		};
		CC8A7CFA27BD8D8100794909 /* Preview Content */ = {
			isa = PBXGroup;
			children = (
				CC8A7CFB27BD8D8100794909 /* Preview Assets.xcassets */,
			);
			path = "Preview Content";
			sourceTree = "<group>";
		};
		CC8A7D0427BD8D8100794909 /* Hacker NewsTests */ = {
			isa = PBXGroup;
			children = (
				CC8A7D0527BD8D8100794909 /* Hacker_NewsTests.swift */,
			);
			path = "Hacker NewsTests";
			sourceTree = "<group>";
		};
		CC8A7D0E27BD8D8100794909 /* Hacker NewsUITests */ = {
			isa = PBXGroup;
			children = (
				CC8A7D0F27BD8D8100794909 /* Hacker_NewsUITests.swift */,
				CC8A7D1127BD8D8100794909 /* Hacker_NewsUITestsLaunchTests.swift */,
			);
			path = "Hacker NewsUITests";
			sourceTree = "<group>";
		};
		CC8A7D1E27BD919700794909 /* Models */ = {
			isa = PBXGroup;
			children = (
				CC8A7D1F27BD91B500794909 /* NetworkManager.swift */,
				CC8A7D2327BD93E200794909 /* PostData.swift */,
			);
			path = Models;
			sourceTree = "<group>";
		};
		CC8A7D2527BD9E6800794909 /* Views */ = {
			isa = PBXGroup;
			children = (
				CC8A7CF627BD8D7F00794909 /* ContentView.swift */,
				CC8A7D2627BD9EBC00794909 /* DetailView.swift */,
				CC8A7D2827BDA56000794909 /* WebView.swift */,
			);
			path = Views;
			sourceTree = "<group>";
		};
/* End PBXGroup section */

/* Begin PBXNativeTarget section */
		CC8A7CF027BD8D7F00794909 /* Hacker News */ = {
			isa = PBXNativeTarget;
			buildConfigurationList = CC8A7D1527BD8D8100794909 /* Build configuration list for PBXNativeTarget "Hacker News" */;
			buildPhases = (
				CC8A7CED27BD8D7F00794909 /* Sources */,
				CC8A7CEE27BD8D7F00794909 /* Frameworks */,
				CC8A7CEF27BD8D7F00794909 /* Resources */,
			);
			buildRules = (
			);
			dependencies = (
			);
			name = "Hacker News";
			productName = "Hacker News";
			productReference = CC8A7CF127BD8D7F00794909 /* Hacker News.app */;
			productType = "com.apple.product-type.application";
		};
		CC8A7D0027BD8D8100794909 /* Hacker NewsTests */ = {
			isa = PBXNativeTarget;
			buildConfigurationList = CC8A7D1827BD8D8100794909 /* Build configuration list for PBXNativeTarget "Hacker NewsTests" */;
			buildPhases = (
				CC8A7CFD27BD8D8100794909 /* Sources */,
				CC8A7CFE27BD8D8100794909 /* Frameworks */,
				CC8A7CFF27BD8D8100794909 /* Resources */,
			);
			buildRules = (
			);
			dependencies = (
				CC8A7D0327BD8D8100794909 /* PBXTargetDependency */,
			);
			name = "Hacker NewsTests";
			productName = "Hacker NewsTests";
			productReference = CC8A7D0127BD8D8100794909 /* Hacker NewsTests.xctest */;
			productType = "com.apple.product-type.bundle.unit-test";
		};
		CC8A7D0A27BD8D8100794909 /* Hacker NewsUITests */ = {
			isa = PBXNativeTarget;
			buildConfigurationList = CC8A7D1B27BD8D8100794909 /* Build configuration list for PBXNativeTarget "Hacker NewsUITests" */;
			buildPhases = (
				CC8A7D0727BD8D8100794909 /* Sources */,
				CC8A7D0827BD8D8100794909 /* Frameworks */,
				CC8A7D0927BD8D8100794909 /* Resources */,
			);
			buildRules = (
			);
			dependencies = (
				CC8A7D0D27BD8D8100794909 /* PBXTargetDependency */,
			);
			name = "Hacker NewsUITests";
			productName = "Hacker NewsUITests";
			productReference = CC8A7D0B27BD8D8100794909 /* Hacker NewsUITests.xctest */;
			productType = "com.apple.product-type.bundle.ui-testing";
		};
/* End PBXNativeTarget section */

/* Begin PBXProject section */
		CC8A7CE927BD8D7F00794909 /* Project object */ = {
			isa = PBXProject;
			attributes = {
				BuildIndependentTargetsInParallel = 1;
				LastSwiftUpdateCheck = 1320;
				LastUpgradeCheck = 1320;
				TargetAttributes = {
					CC8A7CF027BD8D7F00794909 = {
						CreatedOnToolsVersion = 13.2.1;
					};
					CC8A7D0027BD8D8100794909 = {
						CreatedOnToolsVersion = 13.2.1;
						TestTargetID = CC8A7CF027BD8D7F00794909;
					};
					CC8A7D0A27BD8D8100794909 = {
						CreatedOnToolsVersion = 13.2.1;
						TestTargetID = CC8A7CF027BD8D7F00794909;
					};
				};
			};
			buildConfigurationList = CC8A7CEC27BD8D7F00794909 /* Build configuration list for PBXProject "Hacker News" */;
			compatibilityVersion = "Xcode 13.0";
			developmentRegion = en;
			hasScannedForEncodings = 0;
			knownRegions = (
				en,
				Base,
			);
			mainGroup = CC8A7CE827BD8D7F00794909;
			productRefGroup = CC8A7CF227BD8D7F00794909 /* Products */;
			projectDirPath = "";
			projectRoot = "";
			targets = (
				CC8A7CF027BD8D7F00794909 /* Hacker News */,
				CC8A7D0027BD8D8100794909 /* Hacker NewsTests */,
				CC8A7D0A27BD8D8100794909 /* Hacker NewsUITests */,
			);
		};
/* End PBXProject section */

/* Begin PBXResourcesBuildPhase section */
		CC8A7CEF27BD8D7F00794909 /* Resources */ = {
			isa = PBXResourcesBuildPhase;
			buildActionMask = 2147483647;
			files = (
				CC8A7CFC27BD8D8100794909 /* Preview Assets.xcassets in Resources */,
				CC8A7CF927BD8D8100794909 /* Assets.xcassets in Resources */,
			);
			runOnlyForDeploymentPostprocessing = 0;
		};
		CC8A7CFF27BD8D8100794909 /* Resources */ = {
			isa = PBXResourcesBuildPhase;
			buildActionMask = 2147483647;
			files = (
			);
			runOnlyForDeploymentPostprocessing = 0;
		};
		CC8A7D0927BD8D8100794909 /* Resources */ = {
			isa = PBXResourcesBuildPhase;
			buildActionMask = 2147483647;
			files = (
			);
			runOnlyForDeploymentPostprocessing = 0;
		};
/* End PBXResourcesBuildPhase section */

/* Begin PBXSourcesBuildPhase section */
		CC8A7CED27BD8D7F00794909 /* Sources */ = {
			isa = PBXSourcesBuildPhase;
			buildActionMask = 2147483647;
			files = (
				CC8A7D2027BD91B500794909 /* NetworkManager.swift in Sources */,
				CC8A7D2427BD93E200794909 /* PostData.swift in Sources */,
				CC8A7CF727BD8D7F00794909 /* ContentView.swift in Sources */,
				CC8A7D2927BDA56000794909 /* WebView.swift in Sources */,
				CC8A7D2727BD9EBD00794909 /* DetailView.swift in Sources */,
				CC8A7CF527BD8D7F00794909 /* Hacker_NewsApp.swift in Sources */,
			);
			runOnlyForDeploymentPostprocessing = 0;
		};
		CC8A7CFD27BD8D8100794909 /* Sources */ = {
			isa = PBXSourcesBuildPhase;
			buildActionMask = 2147483647;
			files = (
				CC8A7D0627BD8D8100794909 /* Hacker_NewsTests.swift in Sources */,
			);
			runOnlyForDeploymentPostprocessing = 0;
		};
		CC8A7D0727BD8D8100794909 /* Sources */ = {
			isa = PBXSourcesBuildPhase;
			buildActionMask = 2147483647;
			files = (
				CC8A7D1027BD8D8100794909 /* Hacker_NewsUITests.swift in Sources */,
				CC8A7D1227BD8D8100794909 /* Hacker_NewsUITestsLaunchTests.swift in Sources */,
			);
			runOnlyForDeploymentPostprocessing = 0;
		};
/* End PBXSourcesBuildPhase section */

/* Begin PBXTargetDependency section */
		CC8A7D0327BD8D8100794909 /* PBXTargetDependency */ = {
			isa = PBXTargetDependency;
			target = CC8A7CF027BD8D7F00794909 /* Hacker News */;
			targetProxy = CC8A7D0227BD8D8100794909 /* PBXContainerItemProxy */;
		};
		CC8A7D0D27BD8D8100794909 /* PBXTargetDependency */ = {
			isa = PBXTargetDependency;
			target = CC8A7CF027BD8D7F00794909 /* Hacker News */;
			targetProxy = CC8A7D0C27BD8D8100794909 /* PBXContainerItemProxy */;
		};
/* End PBXTargetDependency section */

/* Begin XCBuildConfiguration section */
		CC8A7D1327BD8D8100794909 /* Debug */ = {
			isa = XCBuildConfiguration;
			buildSettings = {
				ALWAYS_SEARCH_USER_PATHS = NO;
				CLANG_ANALYZER_NONNULL = YES;
				CLANG_ANALYZER_NUMBER_OBJECT_CONVERSION = YES_AGGRESSIVE;
				CLANG_CXX_LANGUAGE_STANDARD = "gnu++17";
				CLANG_CXX_LIBRARY = "libc++";
				CLANG_ENABLE_MODULES = YES;
				CLANG_ENABLE_OBJC_ARC = YES;
				CLANG_ENABLE_OBJC_WEAK = YES;
				CLANG_WARN_BLOCK_CAPTURE_AUTORELEASING = YES;
				CLANG_WARN_BOOL_CONVERSION = YES;
				CLANG_WARN_COMMA = YES;
				CLANG_WARN_CONSTANT_CONVERSION = YES;
				CLANG_WARN_DEPRECATED_OBJC_IMPLEMENTATIONS = YES;
				CLANG_WARN_DIRECT_OBJC_ISA_USAGE = YES_ERROR;
				CLANG_WARN_DOCUMENTATION_COMMENTS = YES;
				CLANG_WARN_EMPTY_BODY = YES;
				CLANG_WARN_ENUM_CONVERSION = YES;
				CLANG_WARN_INFINITE_RECURSION = YES;
				CLANG_WARN_INT_CONVERSION = YES;
				CLANG_WARN_NON_LITERAL_NULL_CONVERSION = YES;
				CLANG_WARN_OBJC_IMPLICIT_RETAIN_SELF = YES;
				CLANG_WARN_OBJC_LITERAL_CONVERSION = YES;
				CLANG_WARN_OBJC_ROOT_CLASS = YES_ERROR;
				CLANG_WARN_QUOTED_INCLUDE_IN_FRAMEWORK_HEADER = YES;
				CLANG_WARN_RANGE_LOOP_ANALYSIS = YES;
				CLANG_WARN_STRICT_PROTOTYPES = YES;
				CLANG_WARN_SUSPICIOUS_MOVE = YES;
				CLANG_WARN_UNGUARDED_AVAILABILITY = YES_AGGRESSIVE;
				CLANG_WARN_UNREACHABLE_CODE = YES;
				CLANG_WARN__DUPLICATE_METHOD_MATCH = YES;
				COPY_PHASE_STRIP = NO;
				DEBUG_INFORMATION_FORMAT = dwarf;
				ENABLE_STRICT_OBJC_MSGSEND = YES;
				ENABLE_TESTABILITY = YES;
				GCC_C_LANGUAGE_STANDARD = gnu11;
				GCC_DYNAMIC_NO_PIC = NO;
				GCC_NO_COMMON_BLOCKS = YES;
				GCC_OPTIMIZATION_LEVEL = 0;
				GCC_PREPROCESSOR_DEFINITIONS = (
					"DEBUG=1",
					"$(inherited)",
				);
				GCC_WARN_64_TO_32_BIT_CONVERSION = YES;
				GCC_WARN_ABOUT_RETURN_TYPE = YES_ERROR;
				GCC_WARN_UNDECLARED_SELECTOR = YES;
				GCC_WARN_UNINITIALIZED_AUTOS = YES_AGGRESSIVE;
				GCC_WARN_UNUSED_FUNCTION = YES;
				GCC_WARN_UNUSED_VARIABLE = YES;
				IPHONEOS_DEPLOYMENT_TARGET = 15.2;
				MTL_ENABLE_DEBUG_INFO = INCLUDE_SOURCE;
				MTL_FAST_MATH = YES;
				ONLY_ACTIVE_ARCH = YES;
				SDKROOT = iphoneos;
				SWIFT_ACTIVE_COMPILATION_CONDITIONS = DEBUG;
				SWIFT_OPTIMIZATION_LEVEL = "-Onone";
			};
			name = Debug;
		};
		CC8A7D1427BD8D8100794909 /* Release */ = {
			isa = XCBuildConfiguration;
			buildSettings = {
				ALWAYS_SEARCH_USER_PATHS = NO;
				CLANG_ANALYZER_NONNULL = YES;
				CLANG_ANALYZER_NUMBER_OBJECT_CONVERSION = YES_AGGRESSIVE;
				CLANG_CXX_LANGUAGE_STANDARD = "gnu++17";
				CLANG_CXX_LIBRARY = "libc++";
				CLANG_ENABLE_MODULES = YES;
				CLANG_ENABLE_OBJC_ARC = YES;
				CLANG_ENABLE_OBJC_WEAK = YES;
				CLANG_WARN_BLOCK_CAPTURE_AUTORELEASING = YES;
				CLANG_WARN_BOOL_CONVERSION = YES;
				CLANG_WARN_COMMA = YES;
				CLANG_WARN_CONSTANT_CONVERSION = YES;
				CLANG_WARN_DEPRECATED_OBJC_IMPLEMENTATIONS = YES;
				CLANG_WARN_DIRECT_OBJC_ISA_USAGE = YES_ERROR;
				CLANG_WARN_DOCUMENTATION_COMMENTS = YES;
				CLANG_WARN_EMPTY_BODY = YES;
				CLANG_WARN_ENUM_CONVERSION = YES;
				CLANG_WARN_INFINITE_RECURSION = YES;
				CLANG_WARN_INT_CONVERSION = YES;
				CLANG_WARN_NON_LITERAL_NULL_CONVERSION = YES;
				CLANG_WARN_OBJC_IMPLICIT_RETAIN_SELF = YES;
				CLANG_WARN_OBJC_LITERAL_CONVERSION = YES;
				CLANG_WARN_OBJC_ROOT_CLASS = YES_ERROR;
				CLANG_WARN_QUOTED_INCLUDE_IN_FRAMEWORK_HEADER = YES;
				CLANG_WARN_RANGE_LOOP_ANALYSIS = YES;
				CLANG_WARN_STRICT_PROTOTYPES = YES;
				CLANG_WARN_SUSPICIOUS_MOVE = YES;
				CLANG_WARN_UNGUARDED_AVAILABILITY = YES_AGGRESSIVE;
				CLANG_WARN_UNREACHABLE_CODE = YES;
				CLANG_WARN__DUPLICATE_METHOD_MATCH = YES;
				COPY_PHASE_STRIP = NO;
				DEBUG_INFORMATION_FORMAT = "dwarf-with-dsym";
				ENABLE_NS_ASSERTIONS = NO;
				ENABLE_STRICT_OBJC_MSGSEND = YES;
				GCC_C_LANGUAGE_STANDARD = gnu11;
				GCC_NO_COMMON_BLOCKS = YES;
				GCC_WARN_64_TO_32_BIT_CONVERSION = YES;
				GCC_WARN_ABOUT_RETURN_TYPE = YES_ERROR;
				GCC_WARN_UNDECLARED_SELECTOR = YES;
				GCC_WARN_UNINITIALIZED_AUTOS = YES_AGGRESSIVE;
				GCC_WARN_UNUSED_FUNCTION = YES;
				GCC_WARN_UNUSED_VARIABLE = YES;
				IPHONEOS_DEPLOYMENT_TARGET = 15.2;
				MTL_ENABLE_DEBUG_INFO = NO;
				MTL_FAST_MATH = YES;
				SDKROOT = iphoneos;
				SWIFT_COMPILATION_MODE = wholemodule;
				SWIFT_OPTIMIZATION_LEVEL = "-O";
				VALIDATE_PRODUCT = YES;
			};
			name = Release;
		};
		CC8A7D1627BD8D8100794909 /* Debug */ = {
			isa = XCBuildConfiguration;
			buildSettings = {
				ASSETCATALOG_COMPILER_APPICON_NAME = AppIcon;
				ASSETCATALOG_COMPILER_GLOBAL_ACCENT_COLOR_NAME = AccentColor;
				CODE_SIGN_STYLE = Automatic;
				CURRENT_PROJECT_VERSION = 1;
				DEVELOPMENT_ASSET_PATHS = "\"Hacker News/Preview Content\"";
				ENABLE_PREVIEWS = YES;
				GENERATE_INFOPLIST_FILE = YES;
				INFOPLIST_KEY_UIApplicationSceneManifest_Generation = YES;
				INFOPLIST_KEY_UIApplicationSupportsIndirectInputEvents = YES;
				INFOPLIST_KEY_UILaunchScreen_Generation = YES;
				INFOPLIST_KEY_UISupportedInterfaceOrientations_iPad = "UIInterfaceOrientationPortrait UIInterfaceOrientationPortraitUpsideDown UIInterfaceOrientationLandscapeLeft UIInterfaceOrientationLandscapeRight";
				INFOPLIST_KEY_UISupportedInterfaceOrientations_iPhone = "UIInterfaceOrientationPortrait UIInterfaceOrientationLandscapeLeft UIInterfaceOrientationLandscapeRight";
				LD_RUNPATH_SEARCH_PATHS = (
					"$(inherited)",
					"@executable_path/Frameworks",
				);
				MARKETING_VERSION = 1.0;
				PRODUCT_BUNDLE_IDENTIFIER = "com.ohunmamajon.Hacker-News";
				PRODUCT_NAME = "$(TARGET_NAME)";
				SWIFT_EMIT_LOC_STRINGS = YES;
				SWIFT_VERSION = 5.0;
				TARGETED_DEVICE_FAMILY = "1,2";
			};
			name = Debug;
		};
		CC8A7D1727BD8D8100794909 /* Release */ = {
			isa = XCBuildConfiguration;
			buildSettings = {
				ASSETCATALOG_COMPILER_APPICON_NAME = AppIcon;
				ASSETCATALOG_COMPILER_GLOBAL_ACCENT_COLOR_NAME = AccentColor;
				CODE_SIGN_STYLE = Automatic;
				CURRENT_PROJECT_VERSION = 1;
				DEVELOPMENT_ASSET_PATHS = "\"Hacker News/Preview Content\"";
				ENABLE_PREVIEWS = YES;
				GENERATE_INFOPLIST_FILE = YES;
				INFOPLIST_KEY_UIApplicationSceneManifest_Generation = YES;
				INFOPLIST_KEY_UIApplicationSupportsIndirectInputEvents = YES;
				INFOPLIST_KEY_UILaunchScreen_Generation = YES;
				INFOPLIST_KEY_UISupportedInterfaceOrientations_iPad = "UIInterfaceOrientationPortrait UIInterfaceOrientationPortraitUpsideDown UIInterfaceOrientationLandscapeLeft UIInterfaceOrientationLandscapeRight";
				INFOPLIST_KEY_UISupportedInterfaceOrientations_iPhone = "UIInterfaceOrientationPortrait UIInterfaceOrientationLandscapeLeft UIInterfaceOrientationLandscapeRight";
				LD_RUNPATH_SEARCH_PATHS = (
					"$(inherited)",
					"@executable_path/Frameworks",
				);
				MARKETING_VERSION = 1.0;
				PRODUCT_BUNDLE_IDENTIFIER = "com.ohunmamajon.Hacker-News";
				PRODUCT_NAME = "$(TARGET_NAME)";
				SWIFT_EMIT_LOC_STRINGS = YES;
				SWIFT_VERSION = 5.0;
				TARGETED_DEVICE_FAMILY = "1,2";
			};
			name = Release;
		};
		CC8A7D1927BD8D8100794909 /* Debug */ = {
			isa = XCBuildConfiguration;
			buildSettings = {
				ALWAYS_EMBED_SWIFT_STANDARD_LIBRARIES = YES;
				BUNDLE_LOADER = "$(TEST_HOST)";
				CODE_SIGN_STYLE = Automatic;
				CURRENT_PROJECT_VERSION = 1;
				GENERATE_INFOPLIST_FILE = YES;
				IPHONEOS_DEPLOYMENT_TARGET = 15.2;
				MARKETING_VERSION = 1.0;
				PRODUCT_BUNDLE_IDENTIFIER = "com.ohunmamajon.Hacker-NewsTests";
				PRODUCT_NAME = "$(TARGET_NAME)";
				SWIFT_EMIT_LOC_STRINGS = NO;
				SWIFT_VERSION = 5.0;
				TARGETED_DEVICE_FAMILY = "1,2";
				TEST_HOST = "$(BUILT_PRODUCTS_DIR)/Hacker News.app/Hacker News";
			};
			name = Debug;
		};
		CC8A7D1A27BD8D8100794909 /* Release */ = {
			isa = XCBuildConfiguration;
			buildSettings = {
				ALWAYS_EMBED_SWIFT_STANDARD_LIBRARIES = YES;
				BUNDLE_LOADER = "$(TEST_HOST)";
				CODE_SIGN_STYLE = Automatic;
				CURRENT_PROJECT_VERSION = 1;
				GENERATE_INFOPLIST_FILE = YES;
				IPHONEOS_DEPLOYMENT_TARGET = 15.2;
				MARKETING_VERSION = 1.0;
				PRODUCT_BUNDLE_IDENTIFIER = "com.ohunmamajon.Hacker-NewsTests";
				PRODUCT_NAME = "$(TARGET_NAME)";
				SWIFT_EMIT_LOC_STRINGS = NO;
				SWIFT_VERSION = 5.0;
				TARGETED_DEVICE_FAMILY = "1,2";
				TEST_HOST = "$(BUILT_PRODUCTS_DIR)/Hacker News.app/Hacker News";
			};
			name = Release;
		};
		CC8A7D1C27BD8D8100794909 /* Debug */ = {
			isa = XCBuildConfiguration;
			buildSettings = {
				ALWAYS_EMBED_SWIFT_STANDARD_LIBRARIES = YES;
				CODE_SIGN_STYLE = Automatic;
				CURRENT_PROJECT_VERSION = 1;
				GENERATE_INFOPLIST_FILE = YES;
				MARKETING_VERSION = 1.0;
				PRODUCT_BUNDLE_IDENTIFIER = "com.ohunmamajon.Hacker-NewsUITests";
				PRODUCT_NAME = "$(TARGET_NAME)";
				SWIFT_EMIT_LOC_STRINGS = NO;
				SWIFT_VERSION = 5.0;
				TARGETED_DEVICE_FAMILY = "1,2";
				TEST_TARGET_NAME = "Hacker News";
			};
			name = Debug;
		};
		CC8A7D1D27BD8D8100794909 /* Release */ = {
			isa = XCBuildConfiguration;
			buildSettings = {
				ALWAYS_EMBED_SWIFT_STANDARD_LIBRARIES = YES;
				CODE_SIGN_STYLE = Automatic;
				CURRENT_PROJECT_VERSION = 1;
				GENERATE_INFOPLIST_FILE = YES;
				MARKETING_VERSION = 1.0;
				PRODUCT_BUNDLE_IDENTIFIER = "com.ohunmamajon.Hacker-NewsUITests";
				PRODUCT_NAME = "$(TARGET_NAME)";
				SWIFT_EMIT_LOC_STRINGS = NO;
				SWIFT_VERSION = 5.0;
				TARGETED_DEVICE_FAMILY = "1,2";
				TEST_TARGET_NAME = "Hacker News";
			};
			name = Release;
		};
/* End XCBuildConfiguration section */

/* Begin XCConfigurationList section */
		CC8A7CEC27BD8D7F00794909 /* Build configuration list for PBXProject "Hacker News" */ = {
			isa = XCConfigurationList;
			buildConfigurations = (
				CC8A7D1327BD8D8100794909 /* Debug */,
				CC8A7D1427BD8D8100794909 /* Release */,
			);
			defaultConfigurationIsVisible = 0;
			defaultConfigurationName = Release;
		};
		CC8A7D1527BD8D8100794909 /* Build configuration list for PBXNativeTarget "Hacker News" */ = {
			isa = XCConfigurationList;
			buildConfigurations = (
				CC8A7D1627BD8D8100794909 /* Debug */,
				CC8A7D1727BD8D8100794909 /* Release */,
			);
			defaultConfigurationIsVisible = 0;
			defaultConfigurationName = Release;
		};
		CC8A7D1827BD8D8100794909 /* Build configuration list for PBXNativeTarget "Hacker NewsTests" */ = {
			isa = XCConfigurationList;
			buildConfigurations = (
				CC8A7D1927BD8D8100794909 /* Debug */,
				CC8A7D1A27BD8D8100794909 /* Release */,
			);
			defaultConfigurationIsVisible = 0;
			defaultConfigurationName = Release;
		};
		CC8A7D1B27BD8D8100794909 /* Build configuration list for PBXNativeTarget "Hacker NewsUITests" */ = {
			isa = XCConfigurationList;
			buildConfigurations = (
				CC8A7D1C27BD8D8100794909 /* Debug */,
				CC8A7D1D27BD8D8100794909 /* Release */,
			);
			defaultConfigurationIsVisible = 0;
			defaultConfigurationName = Release;
		};
/* End XCConfigurationList section */
	};
	rootObject = CC8A7CE927BD8D7F00794909 /* Project object */;
}
